// !$*UTF8*$!
{
	archiveVersion = 1;
	classes = {
	};
	objectVersion = 46;
	objects = {

/* Begin PBXBuildFile section */
		B9C7784E1B38652A0087E662 /* Images.xcassets in Resources */ = {isa = PBXBuildFile; fileRef = B9C778461B38652A0087E662 /* Images.xcassets */; };
		B9C778501B38652A0087E662 /* AppDelegate.swift in Sources */ = {isa = PBXBuildFile; fileRef = B9C7784B1B38652A0087E662 /* AppDelegate.swift */; };
		B9C778581B3865340087E662 /* BuildasaurTestTests.swift in Sources */ = {isa = PBXBuildFile; fileRef = B9C778561B3865340087E662 /* BuildasaurTestTests.swift */; };
		B9C778591B3865CD0087E662 /* LaunchScreen.xib in Resources */ = {isa = PBXBuildFile; fileRef = B9C778421B38652A0087E662 /* LaunchScreen.xib */; };
/* End PBXBuildFile section */

/* Begin PBXContainerItemProxy section */
		B9C778311B3864980087E662 /* PBXContainerItemProxy */ = {
			isa = PBXContainerItemProxy;
			containerPortal = B9C778131B3864980087E662 /* Project object */;
			proxyType = 1;
			remoteGlobalIDString = B9C7781A1B3864980087E662;
			remoteInfo = BuildasaurTest;
		};
/* End PBXContainerItemProxy section */

/* Begin PBXFileReference section */
		B9C7781B1B3864980087E662 /* BuildasaurTest.app */ = {isa = PBXFileReference; explicitFileType = wrapper.application; includeInIndex = 0; path = BuildasaurTest.app; sourceTree = BUILT_PRODUCTS_DIR; };
		B9C778301B3864980087E662 /* BuildasaurTestTests.xctest */ = {isa = PBXFileReference; explicitFileType = wrapper.cfbundle; includeInIndex = 0; path = BuildasaurTestTests.xctest; sourceTree = BUILT_PRODUCTS_DIR; };
		B9C778431B38652A0087E662 /* Base */ = {isa = PBXFileReference; lastKnownFileType = file.xib; name = Base; path = Base.lproj/LaunchScreen.xib; sourceTree = "<group>"; };
		B9C778461B38652A0087E662 /* Images.xcassets */ = {isa = PBXFileReference; lastKnownFileType = folder.assetcatalog; path = Images.xcassets; sourceTree = "<group>"; };
		B9C778471B38652A0087E662 /* Info.plist */ = {isa = PBXFileReference; fileEncoding = 4; lastKnownFileType = text.plist.xml; path = Info.plist; sourceTree = "<group>"; };
		B9C7784B1B38652A0087E662 /* AppDelegate.swift */ = {isa = PBXFileReference; fileEncoding = 4; lastKnownFileType = sourcecode.swift; path = AppDelegate.swift; sourceTree = "<group>"; };
		B9C778531B3865340087E662 /* Info.plist */ = {isa = PBXFileReference; fileEncoding = 4; lastKnownFileType = text.plist.xml; path = Info.plist; sourceTree = "<group>"; };
		B9C778561B3865340087E662 /* BuildasaurTestTests.swift */ = {isa = PBXFileReference; fileEncoding = 4; lastKnownFileType = sourcecode.swift; path = BuildasaurTestTests.swift; sourceTree = "<group>"; };
/* End PBXFileReference section */

/* Begin PBXFrameworksBuildPhase section */
		B9C778181B3864980087E662 /* Frameworks */ = {
			isa = PBXFrameworksBuildPhase;
			buildActionMask = 2147483647;
			files = (
			);
			runOnlyForDeploymentPostprocessing = 0;
		};
		B9C7782D1B3864980087E662 /* Frameworks */ = {
			isa = PBXFrameworksBuildPhase;
			buildActionMask = 2147483647;
			files = (
			);
			runOnlyForDeploymentPostprocessing = 0;
		};
/* End PBXFrameworksBuildPhase section */

/* Begin PBXGroup section */
		B9C778121B3864980087E662 = {
			isa = PBXGroup;
			children = (
				B9C778401B38652A0087E662 /* BuildasaurTest */,
				B9C778511B3865340087E662 /* BuildasaurTestTests */,
				B9C7781C1B3864980087E662 /* Products */,
			);
			sourceTree = "<group>";
		};
		B9C7781C1B3864980087E662 /* Products */ = {
			isa = PBXGroup;
			children = (
				B9C7781B1B3864980087E662 /* BuildasaurTest.app */,
				B9C778301B3864980087E662 /* BuildasaurTestTests.xctest */,
			);
			name = Products;
			sourceTree = "<group>";
		};
		B9C778401B38652A0087E662 /* BuildasaurTest */ = {
			isa = PBXGroup;
			children = (
				B9C778411B38652A0087E662 /* Resources */,
				B9C778481B38652A0087E662 /* Source */,
			);
			path = BuildasaurTest;
			sourceTree = "<group>";
		};
		B9C778411B38652A0087E662 /* Resources */ = {
			isa = PBXGroup;
			children = (
				B9C778421B38652A0087E662 /* LaunchScreen.xib */,
				B9C778461B38652A0087E662 /* Images.xcassets */,
				B9C778471B38652A0087E662 /* Info.plist */,
			);
			path = Resources;
			sourceTree = "<group>";
		};
		B9C778481B38652A0087E662 /* Source */ = {
			isa = PBXGroup;
			children = (
				B9C778491B38652A0087E662 /* Classes */,
			);
			path = Source;
			sourceTree = "<group>";
		};
		B9C778491B38652A0087E662 /* Classes */ = {
			isa = PBXGroup;
			children = (
				B9C7784A1B38652A0087E662 /* Application */,
			);
			path = Classes;
			sourceTree = "<group>";
		};
		B9C7784A1B38652A0087E662 /* Application */ = {
			isa = PBXGroup;
			children = (
				B9C7784B1B38652A0087E662 /* AppDelegate.swift */,
			);
			path = Application;
			sourceTree = "<group>";
		};
		B9C778511B3865340087E662 /* BuildasaurTestTests */ = {
			isa = PBXGroup;
			children = (
				B9C778521B3865340087E662 /* Resources */,
				B9C778541B3865340087E662 /* Source */,
			);
			path = BuildasaurTestTests;
			sourceTree = "<group>";
		};
		B9C778521B3865340087E662 /* Resources */ = {
			isa = PBXGroup;
			children = (
				B9C778531B3865340087E662 /* Info.plist */,
			);
			path = Resources;
			sourceTree = "<group>";
		};
		B9C778541B3865340087E662 /* Source */ = {
			isa = PBXGroup;
			children = (
				B9C778551B3865340087E662 /* Classes */,
			);
			path = Source;
			sourceTree = "<group>";
		};
		B9C778551B3865340087E662 /* Classes */ = {
			isa = PBXGroup;
			children = (
				B9C778561B3865340087E662 /* BuildasaurTestTests.swift */,
			);
			path = Classes;
			sourceTree = "<group>";
		};
/* End PBXGroup section */

/* Begin PBXNativeTarget section */
		B9C7781A1B3864980087E662 /* BuildasaurTest */ = {
			isa = PBXNativeTarget;
			buildConfigurationList = B9C7783A1B3864980087E662 /* Build configuration list for PBXNativeTarget "BuildasaurTest" */;
			buildPhases = (
				B9C778171B3864980087E662 /* Sources */,
				B9C778181B3864980087E662 /* Frameworks */,
				B9C778191B3864980087E662 /* Resources */,
			);
			buildRules = (
			);
			dependencies = (
			);
			name = BuildasaurTest;
			productName = BuildasaurTest;
			productReference = B9C7781B1B3864980087E662 /* BuildasaurTest.app */;
			productType = "com.apple.product-type.application";
		};
		B9C7782F1B3864980087E662 /* BuildasaurTestTests */ = {
			isa = PBXNativeTarget;
			buildConfigurationList = B9C7783D1B3864980087E662 /* Build configuration list for PBXNativeTarget "BuildasaurTestTests" */;
			buildPhases = (
				B9C7782C1B3864980087E662 /* Sources */,
				B9C7782D1B3864980087E662 /* Frameworks */,
				B9C7782E1B3864980087E662 /* Resources */,
			);
			buildRules = (
			);
			dependencies = (
				B9C778321B3864980087E662 /* PBXTargetDependency */,
			);
			name = BuildasaurTestTests;
			productName = BuildasaurTestTests;
			productReference = B9C778301B3864980087E662 /* BuildasaurTestTests.xctest */;
			productType = "com.apple.product-type.bundle.unit-test";
		};
/* End PBXNativeTarget section */

/* Begin PBXProject section */
		B9C778131B3864980087E662 /* Project object */ = {
			isa = PBXProject;
			attributes = {
				LastUpgradeCheck = 0630;
				ORGANIZATIONNAME = "Julian Grosshauser";
				TargetAttributes = {
					B9C7781A1B3864980087E662 = {
						CreatedOnToolsVersion = 6.3.2;
					};
					B9C7782F1B3864980087E662 = {
						CreatedOnToolsVersion = 6.3.2;
						TestTargetID = B9C7781A1B3864980087E662;
					};
				};
			};
			buildConfigurationList = B9C778161B3864980087E662 /* Build configuration list for PBXProject "BuildasaurTest" */;
			compatibilityVersion = "Xcode 3.2";
			developmentRegion = English;
			hasScannedForEncodings = 0;
			knownRegions = (
				en,
				Base,
			);
			mainGroup = B9C778121B3864980087E662;
			productRefGroup = B9C7781C1B3864980087E662 /* Products */;
			projectDirPath = "";
			projectRoot = "";
			targets = (
				B9C7781A1B3864980087E662 /* BuildasaurTest */,
				B9C7782F1B3864980087E662 /* BuildasaurTestTests */,
			);
		};
/* End PBXProject section */

/* Begin PBXResourcesBuildPhase section */
		B9C778191B3864980087E662 /* Resources */ = {
			isa = PBXResourcesBuildPhase;
			buildActionMask = 2147483647;
			files = (
				B9C7784E1B38652A0087E662 /* Images.xcassets in Resources */,
				B9C778591B3865CD0087E662 /* LaunchScreen.xib in Resources */,
			);
			runOnlyForDeploymentPostprocessing = 0;
		};
		B9C7782E1B3864980087E662 /* Resources */ = {
			isa = PBXResourcesBuildPhase;
			buildActionMask = 2147483647;
			files = (
			);
			runOnlyForDeploymentPostprocessing = 0;
		};
/* End PBXResourcesBuildPhase section */

/* Begin PBXSourcesBuildPhase section */
		B9C778171B3864980087E662 /* Sources */ = {
			isa = PBXSourcesBuildPhase;
			buildActionMask = 2147483647;
			files = (
				B9C778501B38652A0087E662 /* AppDelegate.swift in Sources */,
			);
			runOnlyForDeploymentPostprocessing = 0;
		};
		B9C7782C1B3864980087E662 /* Sources */ = {
			isa = PBXSourcesBuildPhase;
			buildActionMask = 2147483647;
			files = (
				B9C778581B3865340087E662 /* BuildasaurTestTests.swift in Sources */,
			);
			runOnlyForDeploymentPostprocessing = 0;
		};
/* End PBXSourcesBuildPhase section */

/* Begin PBXTargetDependency section */
		B9C778321B3864980087E662 /* PBXTargetDependency */ = {
			isa = PBXTargetDependency;
			target = B9C7781A1B3864980087E662 /* BuildasaurTest */;
			targetProxy = B9C778311B3864980087E662 /* PBXContainerItemProxy */;
		};
/* End PBXTargetDependency section */

/* Begin PBXVariantGroup section */
		B9C778421B38652A0087E662 /* LaunchScreen.xib */ = {
			isa = PBXVariantGroup;
			children = (
				B9C778431B38652A0087E662 /* Base */,
			);
			name = LaunchScreen.xib;
			sourceTree = "<group>";
		};
/* End PBXVariantGroup section */

/* Begin XCBuildConfiguration section */
		B9C778381B3864980087E662 /* Debug */ = {
			isa = XCBuildConfiguration;
			buildSettings = {
				ALWAYS_SEARCH_USER_PATHS = NO;
				CLANG_CXX_LANGUAGE_STANDARD = "gnu++0x";
				CLANG_CXX_LIBRARY = "libc++";
				CLANG_ENABLE_MODULES = YES;
				CLANG_ENABLE_OBJC_ARC = YES;
				CLANG_WARN_BOOL_CONVERSION = YES;
				CLANG_WARN_CONSTANT_CONVERSION = YES;
				CLANG_WARN_DIRECT_OBJC_ISA_USAGE = YES_ERROR;
				CLANG_WARN_EMPTY_BODY = YES;
				CLANG_WARN_ENUM_CONVERSION = YES;
				CLANG_WARN_INT_CONVERSION = YES;
				CLANG_WARN_OBJC_ROOT_CLASS = YES_ERROR;
				CLANG_WARN_UNREACHABLE_CODE = YES;
				CLANG_WARN__DUPLICATE_METHOD_MATCH = YES;
				"CODE_SIGN_IDENTITY[sdk=iphoneos*]" = "iPhone Developer";
				COPY_PHASE_STRIP = NO;
				DEBUG_INFORMATION_FORMAT = "dwarf-with-dsym";
				ENABLE_STRICT_OBJC_MSGSEND = YES;
				GCC_C_LANGUAGE_STANDARD = gnu99;
				GCC_DYNAMIC_NO_PIC = NO;
				GCC_NO_COMMON_BLOCKS = YES;
				GCC_OPTIMIZATION_LEVEL = 0;
				GCC_PREPROCESSOR_DEFINITIONS = (
					"DEBUG=1",
					"$(inherited)",
				);
				GCC_SYMBOLS_PRIVATE_EXTERN = NO;
				GCC_WARN_64_TO_32_BIT_CONVERSION = YES;
				GCC_WARN_ABOUT_RETURN_TYPE = YES_ERROR;
				GCC_WARN_UNDECLARED_SELECTOR = YES;
				GCC_WARN_UNINITIALIZED_AUTOS = YES_AGGRESSIVE;
				GCC_WARN_UNUSED_FUNCTION = YES;
				GCC_WARN_UNUSED_VARIABLE = YES;
				IPHONEOS_DEPLOYMENT_TARGET = 8.3;
				MTL_ENABLE_DEBUG_INFO = YES;
				ONLY_ACTIVE_ARCH = YES;
				SDKROOT = iphoneos;
				SWIFT_OPTIMIZATION_LEVEL = "-Onone";
				TARGETED_DEVICE_FAMILY = "1,2";
			};
			name = Debug;
		};
		B9C778391B3864980087E662 /* Release */ = {
			isa = XCBuildConfiguration;
			buildSettings = {
				ALWAYS_SEARCH_USER_PATHS = NO;
				CLANG_CXX_LANGUAGE_STANDARD = "gnu++0x";
				CLANG_CXX_LIBRARY = "libc++";
				CLANG_ENABLE_MODULES = YES;
				CLANG_ENABLE_OBJC_ARC = YES;
				CLANG_WARN_BOOL_CONVERSION = YES;
				CLANG_WARN_CONSTANT_CONVERSION = YES;
				CLANG_WARN_DIRECT_OBJC_ISA_USAGE = YES_ERROR;
				CLANG_WARN_EMPTY_BODY = YES;
				CLANG_WARN_ENUM_CONVERSION = YES;
				CLANG_WARN_INT_CONVERSION = YES;
				CLANG_WARN_OBJC_ROOT_CLASS = YES_ERROR;
				CLANG_WARN_UNREACHABLE_CODE = YES;
				CLANG_WARN__DUPLICATE_METHOD_MATCH = YES;
				"CODE_SIGN_IDENTITY[sdk=iphoneos*]" = "iPhone Developer";
				COPY_PHASE_STRIP = NO;
				DEBUG_INFORMATION_FORMAT = "dwarf-with-dsym";
				ENABLE_NS_ASSERTIONS = NO;
				ENABLE_STRICT_OBJC_MSGSEND = YES;
				GCC_C_LANGUAGE_STANDARD = gnu99;
				GCC_NO_COMMON_BLOCKS = YES;
				GCC_WARN_64_TO_32_BIT_CONVERSION = YES;
				GCC_WARN_ABOUT_RETURN_TYPE = YES_ERROR;
				GCC_WARN_UNDECLARED_SELECTOR = YES;
				GCC_WARN_UNINITIALIZED_AUTOS = YES_AGGRESSIVE;
				GCC_WARN_UNUSED_FUNCTION = YES;
				GCC_WARN_UNUSED_VARIABLE = YES;
				IPHONEOS_DEPLOYMENT_TARGET = 8.3;
				MTL_ENABLE_DEBUG_INFO = NO;
				SDKROOT = iphoneos;
				TARGETED_DEVICE_FAMILY = "1,2";
				VALIDATE_PRODUCT = YES;
			};
			name = Release;
		};
		B9C7783B1B3864980087E662 /* Debug */ = {
			isa = XCBuildConfiguration;
			buildSettings = {
				ASSETCATALOG_COMPILER_APPICON_NAME = AppIcon;
				INFOPLIST_FILE = "$(PRODUCT_NAME)/Resources/Info.plist";
				LD_RUNPATH_SEARCH_PATHS = "$(inherited) @executable_path/Frameworks";
				PRODUCT_NAME = "$(TARGET_NAME)";
			};
			name = Debug;
		};
		B9C7783C1B3864980087E662 /* Release */ = {
			isa = XCBuildConfiguration;
			buildSettings = {
				ASSETCATALOG_COMPILER_APPICON_NAME = AppIcon;
				INFOPLIST_FILE = "$(PRODUCT_NAME)/Resources/Info.plist";
				LD_RUNPATH_SEARCH_PATHS = "$(inherited) @executable_path/Frameworks";
				PRODUCT_NAME = "$(TARGET_NAME)";
			};
			name = Release;
		};
		B9C7783E1B3864980087E662 /* Debug */ = {
			isa = XCBuildConfiguration;
			buildSettings = {
				BUNDLE_LOADER = "$(TEST_HOST)";
				FRAMEWORK_SEARCH_PATHS = (
					"$(SDKROOT)/Developer/Library/Frameworks",
					"$(inherited)",
				);
				GCC_PREPROCESSOR_DEFINITIONS = (
					"DEBUG=1",
					"$(inherited)",
				);
				INFOPLIST_FILE = "$(PRODUCT_NAME)/Resources/Info.plist";
				LD_RUNPATH_SEARCH_PATHS = "$(inherited) @executable_path/Frameworks @loader_path/Frameworks";
				PRODUCT_NAME = "$(TARGET_NAME)";
				TEST_HOST = "$(BUILT_PRODUCTS_DIR)/BuildasaurTest.app/BuildasaurTest";
			};
			name = Debug;
		};
		B9C7783F1B3864980087E662 /* Release */ = {
			isa = XCBuildConfiguration;
			buildSettings = {
				BUNDLE_LOADER = "$(TEST_HOST)";
				FRAMEWORK_SEARCH_PATHS = (
					"$(SDKROOT)/Developer/Library/Frameworks",
					"$(inherited)",
				);
				INFOPLIST_FILE = "$(PRODUCT_NAME)/Resources/Info.plist";
				LD_RUNPATH_SEARCH_PATHS = "$(inherited) @executable_path/Frameworks @loader_path/Frameworks";
				PRODUCT_NAME = "$(TARGET_NAME)";
				TEST_HOST = "$(BUILT_PRODUCTS_DIR)/BuildasaurTest.app/BuildasaurTest";
			};
			name = Release;
		};
/* End XCBuildConfiguration section */

/* Begin XCConfigurationList section */
		B9C778161B3864980087E662 /* Build configuration list for PBXProject "BuildasaurTest" */ = {
			isa = XCConfigurationList;
			buildConfigurations = (
				B9C778381B3864980087E662 /* Debug */,
				B9C778391B3864980087E662 /* Release */,
			);
			defaultConfigurationIsVisible = 0;
			defaultConfigurationName = Release;
		};
		B9C7783A1B3864980087E662 /* Build configuration list for PBXNativeTarget "BuildasaurTest" */ = {
			isa = XCConfigurationList;
			buildConfigurations = (
				B9C7783B1B3864980087E662 /* Debug */,
				B9C7783C1B3864980087E662 /* Release */,
			);
			defaultConfigurationIsVisible = 0;
			defaultConfigurationName = Release;
		};
		B9C7783D1B3864980087E662 /* Build configuration list for PBXNativeTarget "BuildasaurTestTests" */ = {
			isa = XCConfigurationList;
			buildConfigurations = (
				B9C7783E1B3864980087E662 /* Debug */,
				B9C7783F1B3864980087E662 /* Release */,
			);
			defaultConfigurationIsVisible = 0;
			defaultConfigurationName = Release;
		};
/* End XCConfigurationList section */
	};
	rootObject = B9C778131B3864980087E662 /* Project object */;
}
